
Microsoft Visual Studio Solution File, Format Version 12.00
# Visual Studio Version 17
VisualStudioVersion = 17.11.35312.102
MinimumVisualStudioVersion = 10.0.40219.1
Project("{FAE04EC0-301F-11D3-BF4B-00C04F79EFBC}") = "GestionAvanzadaInformacionPersona", "GestionAvanzadaInformacionPersona\GestionAvanzadaInformacionPersona.csproj", "{FF1A2568-1906-4EBA-80B4-7B192777A21D}"
EndProject
Global
	GlobalSection(SolutionConfigurationPlatforms) = preSolution
		Debug|Any CPU = Debug|Any CPU
		Release|Any CPU = Release|Any CPU
	EndGlobalSection
	GlobalSection(ProjectConfigurationPlatforms) = postSolution
		{FF1A2568-1906-4EBA-80B4-7B192777A21D}.Debug|Any CPU.ActiveCfg = Debug|Any CPU
		{FF1A2568-1906-4EBA-80B4-7B192777A21D}.Debug|Any CPU.Build.0 = Debug|Any CPU
		{FF1A2568-1906-4EBA-80B4-7B192777A21D}.Release|Any CPU.ActiveCfg = Release|Any CPU
		{FF1A2568-1906-4EBA-80B4-7B192777A21D}.Release|Any CPU.Build.0 = Release|Any CPU
	EndGlobalSection
	GlobalSection(SolutionProperties) = preSolution
		HideSolutionNode = FALSE
	EndGlobalSection
	GlobalSection(ExtensibilityGlobals) = postSolution
		SolutionGuid = {E41503DA-ADAC-4AEB-930E-5DD6231F9707}
	EndGlobalSection
EndGlobal
